
Microsoft Visual Studio Solution File, Format Version 12.00
# Visual Studio Version 16
VisualStudioVersion = 16.0.32106.194
MinimumVisualStudioVersion = 10.0.40219.1
Project("{9A19103F-16F7-4668-BE54-9A1E7A4F7556}") = "SberPayAgent.Interfaces", "SberPayAgent.Interfaces\SberPayAgent.Interfaces.csproj", "{C62B0724-5BA7-4453-B848-6CFF48BE2A27}"
EndProject
Global
	GlobalSection(SolutionConfigurationPlatforms) = preSolution
		Debug|Any CPU = Debug|Any CPU
		Release|Any CPU = Release|Any CPU
	EndGlobalSection
	GlobalSection(ProjectConfigurationPlatforms) = postSolution
		{C62B0724-5BA7-4453-B848-6CFF48BE2A27}.Debug|Any CPU.ActiveCfg = Debug|Any CPU
		{C62B0724-5BA7-4453-B848-6CFF48BE2A27}.Debug|Any CPU.Build.0 = Debug|Any CPU
		{C62B0724-5BA7-4453-B848-6CFF48BE2A27}.Release|Any CPU.ActiveCfg = Release|Any CPU
		{C62B0724-5BA7-4453-B848-6CFF48BE2A27}.Release|Any CPU.Build.0 = Release|Any CPU
	EndGlobalSection
	GlobalSection(SolutionProperties) = preSolution
		HideSolutionNode = FALSE
	EndGlobalSection
	GlobalSection(ExtensibilityGlobals) = postSolution
		SolutionGuid = {264A91B8-E14A-45AF-997F-5CCD01992E6A}
	EndGlobalSection
EndGlobal
